// !$*UTF8*$!
{
	archiveVersion = 1;
	classes = {
	};
	objectVersion = 55;
	objects = {

/* Begin PBXBuildFile section */
		171520DF27A22ECD00900EEC /* AppDelegate.swift in Sources */ = {isa = PBXBuildFile; fileRef = 171520DE27A22ECD00900EEC /* AppDelegate.swift */; };
		171520E127A22ECD00900EEC /* SceneDelegate.swift in Sources */ = {isa = PBXBuildFile; fileRef = 171520E027A22ECD00900EEC /* SceneDelegate.swift */; };
		171520E327A22ECD00900EEC /* HomeViewController.swift in Sources */ = {isa = PBXBuildFile; fileRef = 171520E227A22ECD00900EEC /* HomeViewController.swift */; };
		171520E627A22ECD00900EEC /* Main.storyboard in Resources */ = {isa = PBXBuildFile; fileRef = 171520E427A22ECD00900EEC /* Main.storyboard */; };
		171520E827A22EDC00900EEC /* Assets.xcassets in Resources */ = {isa = PBXBuildFile; fileRef = 171520E727A22EDC00900EEC /* Assets.xcassets */; };
		171520EB27A22EDC00900EEC /* LaunchScreen.storyboard in Resources */ = {isa = PBXBuildFile; fileRef = 171520E927A22EDC00900EEC /* LaunchScreen.storyboard */; };
		171520F527A2389A00900EEC /* CCBManager.swift in Sources */ = {isa = PBXBuildFile; fileRef = 171520F427A2389A00900EEC /* CCBManager.swift */; };
		171520F727A238B100900EEC /* CCBDataPersistence.swift in Sources */ = {isa = PBXBuildFile; fileRef = 171520F627A238B100900EEC /* CCBDataPersistence.swift */; };
		171520F927A238D800900EEC /* CCBDataPersistenceModels.swift in Sources */ = {isa = PBXBuildFile; fileRef = 171520F827A238D800900EEC /* CCBDataPersistenceModels.swift */; };
		1764255527A2F1470089C44B /* Contact.xcdatamodeld in Sources */ = {isa = PBXBuildFile; fileRef = 1764255327A2F1470089C44B /* Contact.xcdatamodeld */; };
		1764255927A45D0A0089C44B /* HomePresenter.swift in Sources */ = {isa = PBXBuildFile; fileRef = 1764255827A45D0A0089C44B /* HomePresenter.swift */; };
		1764255B27A4D6410089C44B /* AddContactViewController.swift in Sources */ = {isa = PBXBuildFile; fileRef = 1764255A27A4D6410089C44B /* AddContactViewController.swift */; };
		17BABFC327A8FF7200C14F57 /* EditContactPresenter.swift in Sources */ = {isa = PBXBuildFile; fileRef = 17BABFC227A8FF7200C14F57 /* EditContactPresenter.swift */; };
		17BABFC627A9B36A00C14F57 /* NetworkHandler.swift in Sources */ = {isa = PBXBuildFile; fileRef = 17BABFC527A9B36A00C14F57 /* NetworkHandler.swift */; };
		17BABFC827A9B42400C14F57 /* NetworkModels.swift in Sources */ = {isa = PBXBuildFile; fileRef = 17BABFC727A9B42400C14F57 /* NetworkModels.swift */; };
		17BABFCB27A9B62900C14F57 /* WeatherManager.swift in Sources */ = {isa = PBXBuildFile; fileRef = 17BABFCA27A9B62900C14F57 /* WeatherManager.swift */; };
		17BABFCD27A9B63B00C14F57 /* WeatherModels.swift in Sources */ = {isa = PBXBuildFile; fileRef = 17BABFCC27A9B63B00C14F57 /* WeatherModels.swift */; };
		17E05FD027A76CF500E264D6 /* AddContactPresenter.swift in Sources */ = {isa = PBXBuildFile; fileRef = 17E05FCF27A76CF500E264D6 /* AddContactPresenter.swift */; };
		17E05FD227A785E800E264D6 /* ContactListViewController.swift in Sources */ = {isa = PBXBuildFile; fileRef = 17E05FD127A785E800E264D6 /* ContactListViewController.swift */; };
		17E05FD427A88E3600E264D6 /* ContactListPresenter.swift in Sources */ = {isa = PBXBuildFile; fileRef = 17E05FD327A88E3600E264D6 /* ContactListPresenter.swift */; };
		17E05FD627A89A2C00E264D6 /* ContactDetailViewController.swift in Sources */ = {isa = PBXBuildFile; fileRef = 17E05FD527A89A2C00E264D6 /* ContactDetailViewController.swift */; };
		17E05FD827A8C85500E264D6 /* ContactDetailPresenter.swift in Sources */ = {isa = PBXBuildFile; fileRef = 17E05FD727A8C85500E264D6 /* ContactDetailPresenter.swift */; };
		17E05FDA27A8CFA300E264D6 /* EditContactViewController.swift in Sources */ = {isa = PBXBuildFile; fileRef = 17E05FD927A8CFA300E264D6 /* EditContactViewController.swift */; };
/* End PBXBuildFile section */

/* Begin PBXFileReference section */
		171520DB27A22ECD00900EEC /* Columbus Contact Book.app */ = {isa = PBXFileReference; explicitFileType = wrapper.application; includeInIndex = 0; path = "Columbus Contact Book.app"; sourceTree = BUILT_PRODUCTS_DIR; };
		171520DE27A22ECD00900EEC /* AppDelegate.swift */ = {isa = PBXFileReference; lastKnownFileType = sourcecode.swift; path = AppDelegate.swift; sourceTree = "<group>"; };
		171520E027A22ECD00900EEC /* SceneDelegate.swift */ = {isa = PBXFileReference; lastKnownFileType = sourcecode.swift; path = SceneDelegate.swift; sourceTree = "<group>"; };
		171520E227A22ECD00900EEC /* HomeViewController.swift */ = {isa = PBXFileReference; lastKnownFileType = sourcecode.swift; path = HomeViewController.swift; sourceTree = "<group>"; };
		171520E527A22ECD00900EEC /* Base */ = {isa = PBXFileReference; lastKnownFileType = file.storyboard; name = Base; path = Base.lproj/Main.storyboard; sourceTree = "<group>"; };
		171520E727A22EDC00900EEC /* Assets.xcassets */ = {isa = PBXFileReference; lastKnownFileType = folder.assetcatalog; path = Assets.xcassets; sourceTree = "<group>"; };
		171520EA27A22EDC00900EEC /* Base */ = {isa = PBXFileReference; lastKnownFileType = file.storyboard; name = Base; path = Base.lproj/LaunchScreen.storyboard; sourceTree = "<group>"; };
		171520EC27A22EDC00900EEC /* Info.plist */ = {isa = PBXFileReference; lastKnownFileType = text.plist.xml; path = Info.plist; sourceTree = "<group>"; };
		171520F427A2389A00900EEC /* CCBManager.swift */ = {isa = PBXFileReference; lastKnownFileType = sourcecode.swift; path = CCBManager.swift; sourceTree = "<group>"; };
		171520F627A238B100900EEC /* CCBDataPersistence.swift */ = {isa = PBXFileReference; lastKnownFileType = sourcecode.swift; path = CCBDataPersistence.swift; sourceTree = "<group>"; };
		171520F827A238D800900EEC /* CCBDataPersistenceModels.swift */ = {isa = PBXFileReference; lastKnownFileType = sourcecode.swift; path = CCBDataPersistenceModels.swift; sourceTree = "<group>"; };
		1764255427A2F1470089C44B /* Contact.xcdatamodel */ = {isa = PBXFileReference; lastKnownFileType = wrapper.xcdatamodel; path = Contact.xcdatamodel; sourceTree = "<group>"; };
		1764255827A45D0A0089C44B /* HomePresenter.swift */ = {isa = PBXFileReference; lastKnownFileType = sourcecode.swift; path = HomePresenter.swift; sourceTree = "<group>"; };
		1764255A27A4D6410089C44B /* AddContactViewController.swift */ = {isa = PBXFileReference; lastKnownFileType = sourcecode.swift; path = AddContactViewController.swift; sourceTree = "<group>"; };
		17BABFC227A8FF7200C14F57 /* EditContactPresenter.swift */ = {isa = PBXFileReference; lastKnownFileType = sourcecode.swift; path = EditContactPresenter.swift; sourceTree = "<group>"; };
		17BABFC527A9B36A00C14F57 /* NetworkHandler.swift */ = {isa = PBXFileReference; lastKnownFileType = sourcecode.swift; path = NetworkHandler.swift; sourceTree = "<group>"; };
		17BABFC727A9B42400C14F57 /* NetworkModels.swift */ = {isa = PBXFileReference; lastKnownFileType = sourcecode.swift; path = NetworkModels.swift; sourceTree = "<group>"; };
		17BABFCA27A9B62900C14F57 /* WeatherManager.swift */ = {isa = PBXFileReference; lastKnownFileType = sourcecode.swift; path = WeatherManager.swift; sourceTree = "<group>"; };
		17BABFCC27A9B63B00C14F57 /* WeatherModels.swift */ = {isa = PBXFileReference; lastKnownFileType = sourcecode.swift; path = WeatherModels.swift; sourceTree = "<group>"; };
		17E05FCF27A76CF500E264D6 /* AddContactPresenter.swift */ = {isa = PBXFileReference; lastKnownFileType = sourcecode.swift; path = AddContactPresenter.swift; sourceTree = "<group>"; };
		17E05FD127A785E800E264D6 /* ContactListViewController.swift */ = {isa = PBXFileReference; lastKnownFileType = sourcecode.swift; path = ContactListViewController.swift; sourceTree = "<group>"; };
		17E05FD327A88E3600E264D6 /* ContactListPresenter.swift */ = {isa = PBXFileReference; lastKnownFileType = sourcecode.swift; path = ContactListPresenter.swift; sourceTree = "<group>"; };
		17E05FD527A89A2C00E264D6 /* ContactDetailViewController.swift */ = {isa = PBXFileReference; lastKnownFileType = sourcecode.swift; path = ContactDetailViewController.swift; sourceTree = "<group>"; };
		17E05FD727A8C85500E264D6 /* ContactDetailPresenter.swift */ = {isa = PBXFileReference; lastKnownFileType = sourcecode.swift; path = ContactDetailPresenter.swift; sourceTree = "<group>"; };
		17E05FD927A8CFA300E264D6 /* EditContactViewController.swift */ = {isa = PBXFileReference; lastKnownFileType = sourcecode.swift; path = EditContactViewController.swift; sourceTree = "<group>"; };
/* End PBXFileReference section */

/* Begin PBXFrameworksBuildPhase section */
		171520D827A22ECD00900EEC /* Frameworks */ = {
			isa = PBXFrameworksBuildPhase;
			buildActionMask = 2147483647;
			files = (
			);
			runOnlyForDeploymentPostprocessing = 0;
		};
/* End PBXFrameworksBuildPhase section */

/* Begin PBXGroup section */
		171520D227A22ECD00900EEC = {
			isa = PBXGroup;
			children = (
				1764255327A2F1470089C44B /* Contact.xcdatamodeld */,
				171520DD27A22ECD00900EEC /* Columbus Contact Book */,
				171520DC27A22ECD00900EEC /* Products */,
			);
			sourceTree = "<group>";
		};
		171520DC27A22ECD00900EEC /* Products */ = {
			isa = PBXGroup;
			children = (
				171520DB27A22ECD00900EEC /* Columbus Contact Book.app */,
			);
			name = Products;
			sourceTree = "<group>";
		};
		171520DD27A22ECD00900EEC /* Columbus Contact Book */ = {
			isa = PBXGroup;
			children = (
				1764255727A45B440089C44B /* View */,
				1764255627A45B3B0089C44B /* Presenter */,
				171520F227A237B500900EEC /* CCBManager */,
				171520DE27A22ECD00900EEC /* AppDelegate.swift */,
				171520E027A22ECD00900EEC /* SceneDelegate.swift */,
				171520E427A22ECD00900EEC /* Main.storyboard */,
				171520E727A22EDC00900EEC /* Assets.xcassets */,
				171520E927A22EDC00900EEC /* LaunchScreen.storyboard */,
				171520EC27A22EDC00900EEC /* Info.plist */,
			);
			path = "Columbus Contact Book";
			sourceTree = "<group>";
		};
		171520F227A237B500900EEC /* CCBManager */ = {
			isa = PBXGroup;
			children = (
				17BABFC927A9B5DF00C14F57 /* Weather */,
				17BABFC427A9B2BC00C14F57 /* Network */,
				171520F327A237F200900EEC /* CCBDataPersistence */,
				171520F427A2389A00900EEC /* CCBManager.swift */,
			);
			path = CCBManager;
			sourceTree = "<group>";
		};
		171520F327A237F200900EEC /* CCBDataPersistence */ = {
			isa = PBXGroup;
			children = (
				171520F627A238B100900EEC /* CCBDataPersistence.swift */,
				171520F827A238D800900EEC /* CCBDataPersistenceModels.swift */,
			);
			path = CCBDataPersistence;
			sourceTree = "<group>";
		};
		1764255627A45B3B0089C44B /* Presenter */ = {
			isa = PBXGroup;
			children = (
				1764255827A45D0A0089C44B /* HomePresenter.swift */,
				17E05FCF27A76CF500E264D6 /* AddContactPresenter.swift */,
				17E05FD327A88E3600E264D6 /* ContactListPresenter.swift */,
				17E05FD727A8C85500E264D6 /* ContactDetailPresenter.swift */,
				17BABFC227A8FF7200C14F57 /* EditContactPresenter.swift */,
			);
			path = Presenter;
			sourceTree = "<group>";
		};
		1764255727A45B440089C44B /* View */ = {
			isa = PBXGroup;
			children = (
				171520E227A22ECD00900EEC /* HomeViewController.swift */,
				1764255A27A4D6410089C44B /* AddContactViewController.swift */,
				17E05FD127A785E800E264D6 /* ContactListViewController.swift */,
				17E05FD527A89A2C00E264D6 /* ContactDetailViewController.swift */,
				17E05FD927A8CFA300E264D6 /* EditContactViewController.swift */,
			);
			path = View;
			sourceTree = "<group>";
		};
		17BABFC427A9B2BC00C14F57 /* Network */ = {
			isa = PBXGroup;
			children = (
				17BABFC527A9B36A00C14F57 /* NetworkHandler.swift */,
				17BABFC727A9B42400C14F57 /* NetworkModels.swift */,
			);
			path = Network;
			sourceTree = "<group>";
		};
		17BABFC927A9B5DF00C14F57 /* Weather */ = {
			isa = PBXGroup;
			children = (
				17BABFCA27A9B62900C14F57 /* WeatherManager.swift */,
				17BABFCC27A9B63B00C14F57 /* WeatherModels.swift */,
			);
			path = Weather;
			sourceTree = "<group>";
		};
/* End PBXGroup section */

/* Begin PBXNativeTarget section */
		171520DA27A22ECD00900EEC /* Columbus Contact Book */ = {
			isa = PBXNativeTarget;
			buildConfigurationList = 171520EF27A22EDC00900EEC /* Build configuration list for PBXNativeTarget "Columbus Contact Book" */;
			buildPhases = (
				171520D727A22ECD00900EEC /* Sources */,
				171520D827A22ECD00900EEC /* Frameworks */,
				171520D927A22ECD00900EEC /* Resources */,
			);
			buildRules = (
			);
			dependencies = (
			);
			name = "Columbus Contact Book";
			productName = "Columbus Contact Book";
			productReference = 171520DB27A22ECD00900EEC /* Columbus Contact Book.app */;
			productType = "com.apple.product-type.application";
		};
/* End PBXNativeTarget section */

/* Begin PBXProject section */
		171520D327A22ECD00900EEC /* Project object */ = {
			isa = PBXProject;
			attributes = {
				BuildIndependentTargetsInParallel = 1;
				LastSwiftUpdateCheck = 1310;
				LastUpgradeCheck = 1310;
				TargetAttributes = {
					171520DA27A22ECD00900EEC = {
						CreatedOnToolsVersion = 13.1;
					};
				};
			};
			buildConfigurationList = 171520D627A22ECD00900EEC /* Build configuration list for PBXProject "Columbus Contact Book" */;
			compatibilityVersion = "Xcode 13.0";
			developmentRegion = en;
			hasScannedForEncodings = 0;
			knownRegions = (
				en,
				Base,
			);
			mainGroup = 171520D227A22ECD00900EEC;
			productRefGroup = 171520DC27A22ECD00900EEC /* Products */;
			projectDirPath = "";
			projectRoot = "";
			targets = (
				171520DA27A22ECD00900EEC /* Columbus Contact Book */,
			);
		};
/* End PBXProject section */

/* Begin PBXResourcesBuildPhase section */
		171520D927A22ECD00900EEC /* Resources */ = {
			isa = PBXResourcesBuildPhase;
			buildActionMask = 2147483647;
			files = (
				171520EB27A22EDC00900EEC /* LaunchScreen.storyboard in Resources */,
				171520E827A22EDC00900EEC /* Assets.xcassets in Resources */,
				171520E627A22ECD00900EEC /* Main.storyboard in Resources */,
			);
			runOnlyForDeploymentPostprocessing = 0;
		};
/* End PBXResourcesBuildPhase section */

/* Begin PBXSourcesBuildPhase section */
		171520D727A22ECD00900EEC /* Sources */ = {
			isa = PBXSourcesBuildPhase;
			buildActionMask = 2147483647;
			files = (
				171520F927A238D800900EEC /* CCBDataPersistenceModels.swift in Sources */,
				1764255527A2F1470089C44B /* Contact.xcdatamodeld in Sources */,
				171520E327A22ECD00900EEC /* HomeViewController.swift in Sources */,
				17E05FD027A76CF500E264D6 /* AddContactPresenter.swift in Sources */,
				17BABFC827A9B42400C14F57 /* NetworkModels.swift in Sources */,
				1764255B27A4D6410089C44B /* AddContactViewController.swift in Sources */,
				17E05FDA27A8CFA300E264D6 /* EditContactViewController.swift in Sources */,
				17E05FD427A88E3600E264D6 /* ContactListPresenter.swift in Sources */,
				17E05FD827A8C85500E264D6 /* ContactDetailPresenter.swift in Sources */,
				171520DF27A22ECD00900EEC /* AppDelegate.swift in Sources */,
				17BABFC627A9B36A00C14F57 /* NetworkHandler.swift in Sources */,
				171520F527A2389A00900EEC /* CCBManager.swift in Sources */,
				17E05FD627A89A2C00E264D6 /* ContactDetailViewController.swift in Sources */,
				171520F727A238B100900EEC /* CCBDataPersistence.swift in Sources */,
				17BABFCD27A9B63B00C14F57 /* WeatherModels.swift in Sources */,
				171520E127A22ECD00900EEC /* SceneDelegate.swift in Sources */,
				17BABFCB27A9B62900C14F57 /* WeatherManager.swift in Sources */,
				1764255927A45D0A0089C44B /* HomePresenter.swift in Sources */,
				17E05FD227A785E800E264D6 /* ContactListViewController.swift in Sources */,
				17BABFC327A8FF7200C14F57 /* EditContactPresenter.swift in Sources */,
			);
			runOnlyForDeploymentPostprocessing = 0;
		};
/* End PBXSourcesBuildPhase section */

/* Begin PBXVariantGroup section */
		171520E427A22ECD00900EEC /* Main.storyboard */ = {
			isa = PBXVariantGroup;
			children = (
				171520E527A22ECD00900EEC /* Base */,
			);
			name = Main.storyboard;
			sourceTree = "<group>";
		};
		171520E927A22EDC00900EEC /* LaunchScreen.storyboard */ = {
			isa = PBXVariantGroup;
			children = (
				171520EA27A22EDC00900EEC /* Base */,
			);
			name = LaunchScreen.storyboard;
			sourceTree = "<group>";
		};
/* End PBXVariantGroup section */

/* Begin XCBuildConfiguration section */
		171520ED27A22EDC00900EEC /* Debug */ = {
			isa = XCBuildConfiguration;
			buildSettings = {
				ALWAYS_SEARCH_USER_PATHS = NO;
				CLANG_ANALYZER_NONNULL = YES;
				CLANG_ANALYZER_NUMBER_OBJECT_CONVERSION = YES_AGGRESSIVE;
				CLANG_CXX_LANGUAGE_STANDARD = "gnu++17";
				CLANG_CXX_LIBRARY = "libc++";
				CLANG_ENABLE_MODULES = YES;
				CLANG_ENABLE_OBJC_ARC = YES;
				CLANG_ENABLE_OBJC_WEAK = YES;
				CLANG_WARN_BLOCK_CAPTURE_AUTORELEASING = YES;
				CLANG_WARN_BOOL_CONVERSION = YES;
				CLANG_WARN_COMMA = YES;
				CLANG_WARN_CONSTANT_CONVERSION = YES;
				CLANG_WARN_DEPRECATED_OBJC_IMPLEMENTATIONS = YES;
				CLANG_WARN_DIRECT_OBJC_ISA_USAGE = YES_ERROR;
				CLANG_WARN_DOCUMENTATION_COMMENTS = YES;
				CLANG_WARN_EMPTY_BODY = YES;
				CLANG_WARN_ENUM_CONVERSION = YES;
				CLANG_WARN_INFINITE_RECURSION = YES;
				CLANG_WARN_INT_CONVERSION = YES;
				CLANG_WARN_NON_LITERAL_NULL_CONVERSION = YES;
				CLANG_WARN_OBJC_IMPLICIT_RETAIN_SELF = YES;
				CLANG_WARN_OBJC_LITERAL_CONVERSION = YES;
				CLANG_WARN_OBJC_ROOT_CLASS = YES_ERROR;
				CLANG_WARN_QUOTED_INCLUDE_IN_FRAMEWORK_HEADER = YES;
				CLANG_WARN_RANGE_LOOP_ANALYSIS = YES;
				CLANG_WARN_STRICT_PROTOTYPES = YES;
				CLANG_WARN_SUSPICIOUS_MOVE = YES;
				CLANG_WARN_UNGUARDED_AVAILABILITY = YES_AGGRESSIVE;
				CLANG_WARN_UNREACHABLE_CODE = YES;
				CLANG_WARN__DUPLICATE_METHOD_MATCH = YES;
				COPY_PHASE_STRIP = NO;
				DEBUG_INFORMATION_FORMAT = dwarf;
				ENABLE_STRICT_OBJC_MSGSEND = YES;
				ENABLE_TESTABILITY = YES;
				GCC_C_LANGUAGE_STANDARD = gnu11;
				GCC_DYNAMIC_NO_PIC = NO;
				GCC_NO_COMMON_BLOCKS = YES;
				GCC_OPTIMIZATION_LEVEL = 0;
				GCC_PREPROCESSOR_DEFINITIONS = (
					"DEBUG=1",
					"$(inherited)",
				);
				GCC_WARN_64_TO_32_BIT_CONVERSION = YES;
				GCC_WARN_ABOUT_RETURN_TYPE = YES_ERROR;
				GCC_WARN_UNDECLARED_SELECTOR = YES;
				GCC_WARN_UNINITIALIZED_AUTOS = YES_AGGRESSIVE;
				GCC_WARN_UNUSED_FUNCTION = YES;
				GCC_WARN_UNUSED_VARIABLE = YES;
				IPHONEOS_DEPLOYMENT_TARGET = 15.0;
				MTL_ENABLE_DEBUG_INFO = INCLUDE_SOURCE;
				MTL_FAST_MATH = YES;
				ONLY_ACTIVE_ARCH = YES;
				SDKROOT = iphoneos;
				SWIFT_ACTIVE_COMPILATION_CONDITIONS = DEBUG;
				SWIFT_OPTIMIZATION_LEVEL = "-Onone";
			};
			name = Debug;
		};
		171520EE27A22EDC00900EEC /* Release */ = {
			isa = XCBuildConfiguration;
			buildSettings = {
				ALWAYS_SEARCH_USER_PATHS = NO;
				CLANG_ANALYZER_NONNULL = YES;
				CLANG_ANALYZER_NUMBER_OBJECT_CONVERSION = YES_AGGRESSIVE;
				CLANG_CXX_LANGUAGE_STANDARD = "gnu++17";
				CLANG_CXX_LIBRARY = "libc++";
				CLANG_ENABLE_MODULES = YES;
				CLANG_ENABLE_OBJC_ARC = YES;
				CLANG_ENABLE_OBJC_WEAK = YES;
				CLANG_WARN_BLOCK_CAPTURE_AUTORELEASING = YES;
				CLANG_WARN_BOOL_CONVERSION = YES;
				CLANG_WARN_COMMA = YES;
				CLANG_WARN_CONSTANT_CONVERSION = YES;
				CLANG_WARN_DEPRECATED_OBJC_IMPLEMENTATIONS = YES;
				CLANG_WARN_DIRECT_OBJC_ISA_USAGE = YES_ERROR;
				CLANG_WARN_DOCUMENTATION_COMMENTS = YES;
				CLANG_WARN_EMPTY_BODY = YES;
				CLANG_WARN_ENUM_CONVERSION = YES;
				CLANG_WARN_INFINITE_RECURSION = YES;
				CLANG_WARN_INT_CONVERSION = YES;
				CLANG_WARN_NON_LITERAL_NULL_CONVERSION = YES;
				CLANG_WARN_OBJC_IMPLICIT_RETAIN_SELF = YES;
				CLANG_WARN_OBJC_LITERAL_CONVERSION = YES;
				CLANG_WARN_OBJC_ROOT_CLASS = YES_ERROR;
				CLANG_WARN_QUOTED_INCLUDE_IN_FRAMEWORK_HEADER = YES;
				CLANG_WARN_RANGE_LOOP_ANALYSIS = YES;
				CLANG_WARN_STRICT_PROTOTYPES = YES;
				CLANG_WARN_SUSPICIOUS_MOVE = YES;
				CLANG_WARN_UNGUARDED_AVAILABILITY = YES_AGGRESSIVE;
				CLANG_WARN_UNREACHABLE_CODE = YES;
				CLANG_WARN__DUPLICATE_METHOD_MATCH = YES;
				COPY_PHASE_STRIP = NO;
				DEBUG_INFORMATION_FORMAT = "dwarf-with-dsym";
				ENABLE_NS_ASSERTIONS = NO;
				ENABLE_STRICT_OBJC_MSGSEND = YES;
				GCC_C_LANGUAGE_STANDARD = gnu11;
				GCC_NO_COMMON_BLOCKS = YES;
				GCC_WARN_64_TO_32_BIT_CONVERSION = YES;
				GCC_WARN_ABOUT_RETURN_TYPE = YES_ERROR;
				GCC_WARN_UNDECLARED_SELECTOR = YES;
				GCC_WARN_UNINITIALIZED_AUTOS = YES_AGGRESSIVE;
				GCC_WARN_UNUSED_FUNCTION = YES;
				GCC_WARN_UNUSED_VARIABLE = YES;
				IPHONEOS_DEPLOYMENT_TARGET = 15.0;
				MTL_ENABLE_DEBUG_INFO = NO;
				MTL_FAST_MATH = YES;
				SDKROOT = iphoneos;
				SWIFT_COMPILATION_MODE = wholemodule;
				SWIFT_OPTIMIZATION_LEVEL = "-O";
				VALIDATE_PRODUCT = YES;
			};
			name = Release;
		};
		171520F027A22EDC00900EEC /* Debug */ = {
			isa = XCBuildConfiguration;
			buildSettings = {
				ASSETCATALOG_COMPILER_APPICON_NAME = AppIcon;
				ASSETCATALOG_COMPILER_GLOBAL_ACCENT_COLOR_NAME = AccentColor;
				CODE_SIGN_STYLE = Automatic;
				CURRENT_PROJECT_VERSION = 1;
				DEVELOPMENT_TEAM = 3QL4RXMP75;
				GENERATE_INFOPLIST_FILE = YES;
				INFOPLIST_FILE = "Columbus Contact Book/Info.plist";
				INFOPLIST_KEY_UIApplicationSupportsIndirectInputEvents = YES;
				INFOPLIST_KEY_UILaunchStoryboardName = LaunchScreen;
				INFOPLIST_KEY_UIMainStoryboardFile = Main;
				INFOPLIST_KEY_UISupportedInterfaceOrientations_iPad = "UIInterfaceOrientationPortrait UIInterfaceOrientationPortraitUpsideDown UIInterfaceOrientationLandscapeLeft UIInterfaceOrientationLandscapeRight";
				INFOPLIST_KEY_UISupportedInterfaceOrientations_iPhone = "UIInterfaceOrientationPortrait UIInterfaceOrientationLandscapeLeft UIInterfaceOrientationLandscapeRight";
				LD_RUNPATH_SEARCH_PATHS = (
					"$(inherited)",
					"@executable_path/Frameworks",
				);
				MARKETING_VERSION = 1.0;
				PRODUCT_BUNDLE_IDENTIFIER = "com.jose.Columbus-Contact-Book";
				PRODUCT_NAME = "$(TARGET_NAME)";
				SWIFT_EMIT_LOC_STRINGS = YES;
				SWIFT_VERSION = 5.0;
				TARGETED_DEVICE_FAMILY = "1,2";
			};
			name = Debug;
		};
		171520F127A22EDC00900EEC /* Release */ = {
			isa = XCBuildConfiguration;
			buildSettings = {
				ASSETCATALOG_COMPILER_APPICON_NAME = AppIcon;
				ASSETCATALOG_COMPILER_GLOBAL_ACCENT_COLOR_NAME = AccentColor;
				CODE_SIGN_STYLE = Automatic;
				CURRENT_PROJECT_VERSION = 1;
				DEVELOPMENT_TEAM = 3QL4RXMP75;
				GENERATE_INFOPLIST_FILE = YES;
				INFOPLIST_FILE = "Columbus Contact Book/Info.plist";
				INFOPLIST_KEY_UIApplicationSupportsIndirectInputEvents = YES;
				INFOPLIST_KEY_UILaunchStoryboardName = LaunchScreen;
				INFOPLIST_KEY_UIMainStoryboardFile = Main;
				INFOPLIST_KEY_UISupportedInterfaceOrientations_iPad = "UIInterfaceOrientationPortrait UIInterfaceOrientationPortraitUpsideDown UIInterfaceOrientationLandscapeLeft UIInterfaceOrientationLandscapeRight";
				INFOPLIST_KEY_UISupportedInterfaceOrientations_iPhone = "UIInterfaceOrientationPortrait UIInterfaceOrientationLandscapeLeft UIInterfaceOrientationLandscapeRight";
				LD_RUNPATH_SEARCH_PATHS = (
					"$(inherited)",
					"@executable_path/Frameworks",
				);
				MARKETING_VERSION = 1.0;
				PRODUCT_BUNDLE_IDENTIFIER = "com.jose.Columbus-Contact-Book";
				PRODUCT_NAME = "$(TARGET_NAME)";
				SWIFT_EMIT_LOC_STRINGS = YES;
				SWIFT_VERSION = 5.0;
				TARGETED_DEVICE_FAMILY = "1,2";
			};
			name = Release;
		};
/* End XCBuildConfiguration section */

/* Begin XCConfigurationList section */
		171520D627A22ECD00900EEC /* Build configuration list for PBXProject "Columbus Contact Book" */ = {
			isa = XCConfigurationList;
			buildConfigurations = (
				171520ED27A22EDC00900EEC /* Debug */,
				171520EE27A22EDC00900EEC /* Release */,
			);
			defaultConfigurationIsVisible = 0;
			defaultConfigurationName = Release;
		};
		171520EF27A22EDC00900EEC /* Build configuration list for PBXNativeTarget "Columbus Contact Book" */ = {
			isa = XCConfigurationList;
			buildConfigurations = (
				171520F027A22EDC00900EEC /* Debug */,
				171520F127A22EDC00900EEC /* Release */,
			);
			defaultConfigurationIsVisible = 0;
			defaultConfigurationName = Release;
		};
/* End XCConfigurationList section */

/* Begin XCVersionGroup section */
		1764255327A2F1470089C44B /* Contact.xcdatamodeld */ = {
			isa = XCVersionGroup;
			children = (
				1764255427A2F1470089C44B /* Contact.xcdatamodel */,
			);
			currentVersion = 1764255427A2F1470089C44B /* Contact.xcdatamodel */;
			path = Contact.xcdatamodeld;
			sourceTree = "<group>";
			versionGroupType = wrapper.xcdatamodel;
		};
/* End XCVersionGroup section */
	};
	rootObject = 171520D327A22ECD00900EEC /* Project object */;
}
